
Microsoft Visual Studio Solution File, Format Version 12.00
# Visual Studio Version 17
VisualStudioVersion = 17.3.32922.545
MinimumVisualStudioVersion = 10.0.40219.1
Project("{FAE04EC0-301F-11D3-BF4B-00C04F79EFBC}") = "Lab5", "Lab5.csproj", "{BB76ED07-B5BE-45C8-A3AF-A01623F253B9}"
EndProject
Global
	GlobalSection(SolutionConfigurationPlatforms) = preSolution
		Debug|Any CPU = Debug|Any CPU
		Release|Any CPU = Release|Any CPU
	EndGlobalSection
	GlobalSection(ProjectConfigurationPlatforms) = postSolution
		{BB76ED07-B5BE-45C8-A3AF-A01623F253B9}.Debug|Any CPU.ActiveCfg = Debug|Any CPU
		{BB76ED07-B5BE-45C8-A3AF-A01623F253B9}.Debug|Any CPU.Build.0 = Debug|Any CPU
		{BB76ED07-B5BE-45C8-A3AF-A01623F253B9}.Release|Any CPU.ActiveCfg = Release|Any CPU
		{BB76ED07-B5BE-45C8-A3AF-A01623F253B9}.Release|Any CPU.Build.0 = Release|Any CPU
	EndGlobalSection
	GlobalSection(SolutionProperties) = preSolution
		HideSolutionNode = FALSE
	EndGlobalSection
	GlobalSection(ExtensibilityGlobals) = postSolution
		SolutionGuid = {8E015111-F269-4E31-8212-AD07C3F0CEBB}
	EndGlobalSection
EndGlobal
